
Microsoft Visual Studio Solution File, Format Version 12.00
# Visual Studio Version 17
VisualStudioVersion = 17.4.33122.133
MinimumVisualStudioVersion = 10.0.40219.1
Project("{9A19103F-16F7-4668-BE54-9A1E7A4F7556}") = "ESPWebServer", "ESPWebServer.csproj", "{419A6B9B-C2AB-41DE-B82C-E4719DE9D75E}"
EndProject
Global
	GlobalSection(SolutionConfigurationPlatforms) = preSolution
		Debug|Any CPU = Debug|Any CPU
		Release|Any CPU = Release|Any CPU
	EndGlobalSection
	GlobalSection(ProjectConfigurationPlatforms) = postSolution
		{419A6B9B-C2AB-41DE-B82C-E4719DE9D75E}.Debug|Any CPU.ActiveCfg = Debug|Any CPU
		{419A6B9B-C2AB-41DE-B82C-E4719DE9D75E}.Debug|Any CPU.Build.0 = Debug|Any CPU
		{419A6B9B-C2AB-41DE-B82C-E4719DE9D75E}.Release|Any CPU.ActiveCfg = Release|Any CPU
		{419A6B9B-C2AB-41DE-B82C-E4719DE9D75E}.Release|Any CPU.Build.0 = Release|Any CPU
	EndGlobalSection
	GlobalSection(SolutionProperties) = preSolution
		HideSolutionNode = FALSE
	EndGlobalSection
	GlobalSection(ExtensibilityGlobals) = postSolution
		SolutionGuid = {6858D1E1-3391-4AA9-B03C-048FD203A195}
	EndGlobalSection
EndGlobal
